[[package]]
name = 'core'
dependencies = []

[[package]]
name = 'std'
source = 'git+https://github.com/fuellabs/sway?tag=v0.11.0#95816e4e41aae1d3425ba6ff5e7266076d8400fa'
dependencies = ['core']

[[package]]
name = 'token_abi'
dependencies = ['std git+https://github.com/fuellabs/sway?tag=v0.11.0#95816e4e41aae1d3425ba6ff5e7266076d8400fa']

[[package]]
name = 'token_contract'
dependencies = [
    'std git+https://github.com/fuellabs/sway?tag=v0.11.0#95816e4e41aae1d3425ba6ff5e7266076d8400fa',
    'token_abi',
]
