[[package]]
name = 'core'
dependencies = []

[[package]]
name = 'std'
source = 'git+https://github.com/fuellabs/sway?tag=v0.13.2#dac1b96419a6ed46a4c531492ae5e794a270d4a1'
dependencies = ['core']

[[package]]
name = 'storage-test'
dependencies = ['std git+https://github.com/fuellabs/sway?tag=v0.13.2#dac1b96419a6ed46a4c531492ae5e794a270d4a1']
