[[package]]
name = 'core'
source = 'path+from-root-246CF71949A65439'
dependencies = []

[[package]]
name = 'example-contract'
source = 'root'
dependencies = ['std']

[[package]]
name = 'std'
source = 'git+https://github.com/fuellabs/sway?tag=v0.18.0#ada0d294a68e5ca3070e3c46eb89619e7d87caf2'
dependencies = ['core']
