[[package]]
name = 'call-test'
dependencies = ['std git+https://github.com/fuellabs/sway?tag=v0.13.0#6eef7ab750cd3282f08b6014960cbc02afae717a']

[[package]]
name = 'core'
dependencies = []

[[package]]
name = 'std'
source = 'git+https://github.com/fuellabs/sway?tag=v0.13.0#6eef7ab750cd3282f08b6014960cbc02afae717a'
dependencies = ['core']
