[[package]]
name = "core"
source = "path+from-root-C485BFF5467B6B6C"

[[package]]
name = "src14_owned_proxy"
source = "member"
dependencies = [
    "standards",
    "std",
    "sway_libs",
]

[[package]]
name = "standards"
source = "git+https://github.com/FuelLabs/sway-standards?tag=v0.6.0#65e09f95ea8b9476b171a66c8a47108f352fa32c"
dependencies = ["std"]

[[package]]
name = "std"
source = "git+https://github.com/fuellabs/sway?tag=v0.63.6#cba9a005ef2a5b61e13eb02ba6e9e93ebd19a31a"
dependencies = ["core"]

[[package]]
name = "sway_libs"
source = "git+https://github.com/FuelLabs/sway-libs?tag=v0.24.0#e19f96f85ae12426d20adc176b70aa38fd9a2a5b"
dependencies = [
    "standards",
    "std",
]
